
Microsoft Visual Studio Solution File, Format Version 12.00
# Visual Studio Version 16
VisualStudioVersion = 16.0.29102.190
MinimumVisualStudioVersion = 10.0.40219.1
Project("{8BC9CEB8-8B4A-11D0-8D11-00A0C91BC942}") = "RayTracing", "RayTracing\RayTracing.vcxproj", "{A4CF9673-5D58-4683-8DF3-474404956AC6}"
EndProject
Project("{8BC9CEB8-8B4A-11D0-8D11-00A0C91BC942}") = "RRR", "RRR\RRR.vcxproj", "{9435930C-6018-44D8-A036-97BE4BCDB2F1}"
EndProject
Project("{FAE04EC0-301F-11D3-BF4B-00C04F79EFBC}") = "YBREditor", "YBREditor\YBREditor.csproj", "{7D96FAE1-6D6F-4434-9605-02D616FB34EC}"
EndProject
Project("{8BC9CEB8-8B4A-11D0-8D11-00A0C91BC942}") = "WindowsProject2", "WindowsProject2\WindowsProject2.vcxproj", "{685F2863-4A3E-42C1-82BA-7D6F1D9829BB}"
EndProject
Project("{8BC9CEB8-8B4A-11D0-8D11-00A0C91BC942}") = "TTest", "TTest\TTest.vcxproj", "{91F57DA4-CAAF-4B6C-87F2-EBD032B36DED}"
EndProject
Global
	GlobalSection(SolutionConfigurationPlatforms) = preSolution
		Debug|Any CPU = Debug|Any CPU
		Debug|x64 = Debug|x64
		Debug|x86 = Debug|x86
		Release|Any CPU = Release|Any CPU
		Release|x64 = Release|x64
		Release|x86 = Release|x86
	EndGlobalSection
	GlobalSection(ProjectConfigurationPlatforms) = postSolution
		{A4CF9673-5D58-4683-8DF3-474404956AC6}.Debug|Any CPU.ActiveCfg = Debug|Win32
		{A4CF9673-5D58-4683-8DF3-474404956AC6}.Debug|x64.ActiveCfg = Debug|x64
		{A4CF9673-5D58-4683-8DF3-474404956AC6}.Debug|x64.Build.0 = Debug|x64
		{A4CF9673-5D58-4683-8DF3-474404956AC6}.Debug|x86.ActiveCfg = Debug|Win32
		{A4CF9673-5D58-4683-8DF3-474404956AC6}.Debug|x86.Build.0 = Debug|Win32
		{A4CF9673-5D58-4683-8DF3-474404956AC6}.Release|Any CPU.ActiveCfg = Release|Win32
		{A4CF9673-5D58-4683-8DF3-474404956AC6}.Release|x64.ActiveCfg = Release|x64
		{A4CF9673-5D58-4683-8DF3-474404956AC6}.Release|x64.Build.0 = Release|x64
		{A4CF9673-5D58-4683-8DF3-474404956AC6}.Release|x86.ActiveCfg = Release|Win32
		{A4CF9673-5D58-4683-8DF3-474404956AC6}.Release|x86.Build.0 = Release|Win32
		{9435930C-6018-44D8-A036-97BE4BCDB2F1}.Debug|Any CPU.ActiveCfg = Debug|Win32
		{9435930C-6018-44D8-A036-97BE4BCDB2F1}.Debug|x64.ActiveCfg = Debug|x64
		{9435930C-6018-44D8-A036-97BE4BCDB2F1}.Debug|x64.Build.0 = Debug|x64
		{9435930C-6018-44D8-A036-97BE4BCDB2F1}.Debug|x86.ActiveCfg = Debug|Win32
		{9435930C-6018-44D8-A036-97BE4BCDB2F1}.Debug|x86.Build.0 = Debug|Win32
		{9435930C-6018-44D8-A036-97BE4BCDB2F1}.Release|Any CPU.ActiveCfg = Release|Win32
		{9435930C-6018-44D8-A036-97BE4BCDB2F1}.Release|x64.ActiveCfg = Release|x64
		{9435930C-6018-44D8-A036-97BE4BCDB2F1}.Release|x64.Build.0 = Release|x64
		{9435930C-6018-44D8-A036-97BE4BCDB2F1}.Release|x86.ActiveCfg = Release|Win32
		{9435930C-6018-44D8-A036-97BE4BCDB2F1}.Release|x86.Build.0 = Release|Win32
		{7D96FAE1-6D6F-4434-9605-02D616FB34EC}.Debug|Any CPU.ActiveCfg = Debug|Any CPU
		{7D96FAE1-6D6F-4434-9605-02D616FB34EC}.Debug|Any CPU.Build.0 = Debug|Any CPU
		{7D96FAE1-6D6F-4434-9605-02D616FB34EC}.Debug|x64.ActiveCfg = Debug|Any CPU
		{7D96FAE1-6D6F-4434-9605-02D616FB34EC}.Debug|x64.Build.0 = Debug|Any CPU
		{7D96FAE1-6D6F-4434-9605-02D616FB34EC}.Debug|x86.ActiveCfg = Debug|Any CPU
		{7D96FAE1-6D6F-4434-9605-02D616FB34EC}.Debug|x86.Build.0 = Debug|Any CPU
		{7D96FAE1-6D6F-4434-9605-02D616FB34EC}.Release|Any CPU.ActiveCfg = Release|Any CPU
		{7D96FAE1-6D6F-4434-9605-02D616FB34EC}.Release|Any CPU.Build.0 = Release|Any CPU
		{7D96FAE1-6D6F-4434-9605-02D616FB34EC}.Release|x64.ActiveCfg = Release|Any CPU
		{7D96FAE1-6D6F-4434-9605-02D616FB34EC}.Release|x64.Build.0 = Release|Any CPU
		{7D96FAE1-6D6F-4434-9605-02D616FB34EC}.Release|x86.ActiveCfg = Release|Any CPU
		{7D96FAE1-6D6F-4434-9605-02D616FB34EC}.Release|x86.Build.0 = Release|Any CPU
		{685F2863-4A3E-42C1-82BA-7D6F1D9829BB}.Debug|Any CPU.ActiveCfg = Debug|Win32
		{685F2863-4A3E-42C1-82BA-7D6F1D9829BB}.Debug|x64.ActiveCfg = Debug|x64
		{685F2863-4A3E-42C1-82BA-7D6F1D9829BB}.Debug|x64.Build.0 = Debug|x64
		{685F2863-4A3E-42C1-82BA-7D6F1D9829BB}.Debug|x86.ActiveCfg = Debug|Win32
		{685F2863-4A3E-42C1-82BA-7D6F1D9829BB}.Debug|x86.Build.0 = Debug|Win32
		{685F2863-4A3E-42C1-82BA-7D6F1D9829BB}.Release|Any CPU.ActiveCfg = Release|Win32
		{685F2863-4A3E-42C1-82BA-7D6F1D9829BB}.Release|x64.ActiveCfg = Release|x64
		{685F2863-4A3E-42C1-82BA-7D6F1D9829BB}.Release|x64.Build.0 = Release|x64
		{685F2863-4A3E-42C1-82BA-7D6F1D9829BB}.Release|x86.ActiveCfg = Release|Win32
		{685F2863-4A3E-42C1-82BA-7D6F1D9829BB}.Release|x86.Build.0 = Release|Win32
		{91F57DA4-CAAF-4B6C-87F2-EBD032B36DED}.Debug|Any CPU.ActiveCfg = Debug|Win32
		{91F57DA4-CAAF-4B6C-87F2-EBD032B36DED}.Debug|x64.ActiveCfg = Debug|x64
		{91F57DA4-CAAF-4B6C-87F2-EBD032B36DED}.Debug|x64.Build.0 = Debug|x64
		{91F57DA4-CAAF-4B6C-87F2-EBD032B36DED}.Debug|x86.ActiveCfg = Debug|Win32
		{91F57DA4-CAAF-4B6C-87F2-EBD032B36DED}.Debug|x86.Build.0 = Debug|Win32
		{91F57DA4-CAAF-4B6C-87F2-EBD032B36DED}.Release|Any CPU.ActiveCfg = Release|Win32
		{91F57DA4-CAAF-4B6C-87F2-EBD032B36DED}.Release|x64.ActiveCfg = Release|x64
		{91F57DA4-CAAF-4B6C-87F2-EBD032B36DED}.Release|x64.Build.0 = Release|x64
		{91F57DA4-CAAF-4B6C-87F2-EBD032B36DED}.Release|x86.ActiveCfg = Release|Win32
		{91F57DA4-CAAF-4B6C-87F2-EBD032B36DED}.Release|x86.Build.0 = Release|Win32
	EndGlobalSection
	GlobalSection(SolutionProperties) = preSolution
		HideSolutionNode = FALSE
	EndGlobalSection
	GlobalSection(ExtensibilityGlobals) = postSolution
		SolutionGuid = {6A5189AE-D49C-4192-B2F9-B5AA62C46120}
	EndGlobalSection
EndGlobal
